
Microsoft Visual Studio Solution File, Format Version 12.00
# Visual Studio Version 17
VisualStudioVersion = 17.5.33530.505
MinimumVisualStudioVersion = 10.0.40219.1
Project("{FAE04EC0-301F-11D3-BF4B-00C04F79EFBC}") = "SerialCommunication", "SerialCommunication\SerialCommunication.csproj", "{D65EBC7E-2413-4DF4-B000-BFF797274540}"
EndProject
Global
	GlobalSection(SolutionConfigurationPlatforms) = preSolution
		Debug|Any CPU = Debug|Any CPU
		Release|Any CPU = Release|Any CPU
	EndGlobalSection
	GlobalSection(ProjectConfigurationPlatforms) = postSolution
		{D65EBC7E-2413-4DF4-B000-BFF797274540}.Debug|Any CPU.ActiveCfg = Debug|Any CPU
		{D65EBC7E-2413-4DF4-B000-BFF797274540}.Debug|Any CPU.Build.0 = Debug|Any CPU
		{D65EBC7E-2413-4DF4-B000-BFF797274540}.Release|Any CPU.ActiveCfg = Release|Any CPU
		{D65EBC7E-2413-4DF4-B000-BFF797274540}.Release|Any CPU.Build.0 = Release|Any CPU
	EndGlobalSection
	GlobalSection(SolutionProperties) = preSolution
		HideSolutionNode = FALSE
	EndGlobalSection
	GlobalSection(ExtensibilityGlobals) = postSolution
		SolutionGuid = {965CB5AB-2233-4AED-8896-353970C51BBE}
	EndGlobalSection
EndGlobal
